<?xml version="1.0" encoding="utf-8"?>
<Project ToolsVersion="4.0" xmlns="http://schemas.microsoft.com/developer/msbuild/2003">
  <ItemGroup>
    <Filter Include="Source Files">
      <UniqueIdentifier>{4FC737F1-C7A5-4376-A066-2A32D752A2FF}</UniqueIdentifier>
      <Extensions>cpp;c;cc;cxx;def;odl;idl;hpj;bat;asm;asmx</Extensions>
    </Filter>
    <Filter Include="Header Files">
      <UniqueIdentifier>{93995380-89BD-4b04-88EB-625FBE52EBFB}</UniqueIdentifier>
      <Extensions>h;hh;hpp;hxx;hm;inl;inc;xsd</Extensions>
    </Filter>
    <Filter Include="Resource Files">
      <UniqueIdentifier>{67DA6AB6-F800-4c08-8B7A-83BB121AAD01}</UniqueIdentifier>
      <Extensions>rc;ico;cur;bmp;dlg;rc2;rct;bin;rgs;gif;jpg;jpeg;jpe;resx;tiff;tif;png;wav;mfcribbon-ms</Extensions>
    </Filter>
    <Filter Include="Physic Classes">
      <UniqueIdentifier>{c983c577-7134-4ee4-aff7-c1fd48a76842}</UniqueIdentifier>
    </Filter>
    <Filter Include="Physic Classes\Shapes">
      <UniqueIdentifier>{2ed7cf14-6035-4c71-a59e-07d0ce4b41a6}</UniqueIdentifier>
    </Filter>
  </ItemGroup>
  <ItemGroup>
    <ClCompile Include="BreakoutApp.cpp">
      <Filter>Source Files</Filter>
    </ClCompile>
    <ClCompile Include="main.cpp">
      <Filter>Source Files</Filter>
    </ClCompile>
    <ClCompile Include="GameLoop.cpp">
      <Filter>Source Files</Filter>
    </ClCompile>
    <ClCompile Include="PhysicsObject.cpp">
      <Filter>Physic Classes</Filter>
    </ClCompile>
    <ClCompile Include="PhysicsScene.cpp">
      <Filter>Physic Classes</Filter>
    </ClCompile>
    <ClCompile Include="RigidBody.cpp">
      <Filter>Physic Classes</Filter>
    </ClCompile>
    <ClCompile Include="Box.cpp">
      <Filter>Physic Classes\Shapes</Filter>
    </ClCompile>
    <ClCompile Include="Plane.cpp">
      <Filter>Physic Classes\Shapes</Filter>
    </ClCompile>
    <ClCompile Include="Sphere.cpp">
      <Filter>Physic Classes\Shapes</Filter>
    </ClCompile>
    <ClCompile Include="Spring.cpp">
      <Filter>Source Files</Filter>
    </ClCompile>
  </ItemGroup>
  <ItemGroup>
    <ClInclude Include="RigidBody.h">
      <Filter>Physic Classes</Filter>
    </ClInclude>
    <ClInclude Include="PhysicsScene.h">
      <Filter>Physic Classes</Filter>
    </ClInclude>
    <ClInclude Include="Box.h">
      <Filter>Physic Classes\Shapes</Filter>
    </ClInclude>
    <ClInclude Include="Plane.h">
      <Filter>Physic Classes\Shapes</Filter>
    </ClInclude>
    <ClInclude Include="Sphere.h">
      <Filter>Physic Classes\Shapes</Filter>
    </ClInclude>
    <ClInclude Include="PhysicsObject.h">
      <Filter>Physic Classes</Filter>
    </ClInclude>
    <ClInclude Include="GameLoop.h">
      <Filter>Source Files</Filter>
    </ClInclude>
    <ClInclude Include="BreakoutApp.h">
      <Filter>Source Files</Filter>
    </ClInclude>
    <ClInclude Include="Spring.h">
      <Filter>Header Files</Filter>
    </ClInclude>
  </ItemGroup>
</Project>